
Microsoft Visual Studio Solution File, Format Version 12.00
# Visual Studio 15
VisualStudioVersion = 15.0.27428.2037
MinimumVisualStudioVersion = 10.0.40219.1
Project("{FAE04EC0-301F-11D3-BF4B-00C04F79EFBC}") = "UI", "UI\UI.csproj", "{8508E14F-A1D7-4350-A448-074CA7F9B550}"
EndProject
Project("{FAE04EC0-301F-11D3-BF4B-00C04F79EFBC}") = "DataAccess", "DataAccess\DataAccess.csproj", "{6C44D5A2-81E3-4128-9469-AF4AAC792D42}"
EndProject
Project("{FAE04EC0-301F-11D3-BF4B-00C04F79EFBC}") = "CalibrationAlerter", "CalibrationAlerter\CalibrationAlerter.csproj", "{E400DF5E-1C67-4920-8F66-269D36B75A98}"
EndProject
Project("{FAE04EC0-301F-11D3-BF4B-00C04F79EFBC}") = "PMAlerter", "PMAlerter\PMAlerter.csproj", "{336B5CF1-C3AC-49A1-A228-0C4A9F2CF89B}"
EndProject
Global
	GlobalSection(SolutionConfigurationPlatforms) = preSolution
		Debug|Any CPU = Debug|Any CPU
		Release|Any CPU = Release|Any CPU
	EndGlobalSection
	GlobalSection(ProjectConfigurationPlatforms) = postSolution
		{8508E14F-A1D7-4350-A448-074CA7F9B550}.Debug|Any CPU.ActiveCfg = Debug|Any CPU
		{8508E14F-A1D7-4350-A448-074CA7F9B550}.Debug|Any CPU.Build.0 = Debug|Any CPU
		{8508E14F-A1D7-4350-A448-074CA7F9B550}.Release|Any CPU.ActiveCfg = Release|Any CPU
		{8508E14F-A1D7-4350-A448-074CA7F9B550}.Release|Any CPU.Build.0 = Release|Any CPU
		{6C44D5A2-81E3-4128-9469-AF4AAC792D42}.Debug|Any CPU.ActiveCfg = Debug|Any CPU
		{6C44D5A2-81E3-4128-9469-AF4AAC792D42}.Debug|Any CPU.Build.0 = Debug|Any CPU
		{6C44D5A2-81E3-4128-9469-AF4AAC792D42}.Release|Any CPU.ActiveCfg = Release|Any CPU
		{6C44D5A2-81E3-4128-9469-AF4AAC792D42}.Release|Any CPU.Build.0 = Release|Any CPU
		{E400DF5E-1C67-4920-8F66-269D36B75A98}.Debug|Any CPU.ActiveCfg = Debug|Any CPU
		{E400DF5E-1C67-4920-8F66-269D36B75A98}.Debug|Any CPU.Build.0 = Debug|Any CPU
		{E400DF5E-1C67-4920-8F66-269D36B75A98}.Release|Any CPU.ActiveCfg = Release|Any CPU
		{E400DF5E-1C67-4920-8F66-269D36B75A98}.Release|Any CPU.Build.0 = Release|Any CPU
		{336B5CF1-C3AC-49A1-A228-0C4A9F2CF89B}.Debug|Any CPU.ActiveCfg = Debug|Any CPU
		{336B5CF1-C3AC-49A1-A228-0C4A9F2CF89B}.Debug|Any CPU.Build.0 = Debug|Any CPU
		{336B5CF1-C3AC-49A1-A228-0C4A9F2CF89B}.Release|Any CPU.ActiveCfg = Release|Any CPU
		{336B5CF1-C3AC-49A1-A228-0C4A9F2CF89B}.Release|Any CPU.Build.0 = Release|Any CPU
	EndGlobalSection
	GlobalSection(SolutionProperties) = preSolution
		HideSolutionNode = FALSE
	EndGlobalSection
	GlobalSection(ExtensibilityGlobals) = postSolution
		SolutionGuid = {84ACFFE9-62DB-4F96-9F58-C01120E1920D}
	EndGlobalSection
EndGlobal
